
Microsoft Visual Studio Solution File, Format Version 12.00
# Visual Studio Version 16
VisualStudioVersion = 16.0.33927.289
MinimumVisualStudioVersion = 10.0.40219.1
Project("{2150E333-8FDC-42A3-9474-1A3956D46DE8}") = "Task0", "Task0", "{FE08CD72-4E83-477D-B164-1DD559D6F9B7}"
EndProject
Project("{FAE04EC0-301F-11D3-BF4B-00C04F79EFBC}") = "Tyuiu.VengoVE.Sprint3.Task0.V25", "Tyuiu.VengoVE.Sprint3.Task0.V24\Tyuiu.VengoVE.Sprint3.Task0.V25.csproj", "{C5472C95-543C-4BC4-83F7-F329F5D2200D}"
EndProject
Project("{FAE04EC0-301F-11D3-BF4B-00C04F79EFBC}") = "Tyuiu.VengoVE.Sprint3.Task0.V25.Lib", "Tyuiu.VengoVE.Sprint3.Task0.V24.Lib\Tyuiu.VengoVE.Sprint3.Task0.V25.Lib.csproj", "{EB76B60C-501E-46A6-BE4F-831556F1B4AE}"
EndProject
Project("{FAE04EC0-301F-11D3-BF4B-00C04F79EFBC}") = "Tyuiu.VengoVE.Sprint3.Task0.V25.Test", "Tyuiu.VengoVE.Sprint3.Task0.V24.Test\Tyuiu.VengoVE.Sprint3.Task0.V25.Test.csproj", "{294F2E98-1978-402B-94E6-B5D9CA464176}"
EndProject
Project("{2150E333-8FDC-42A3-9474-1A3956D46DE8}") = "Task1", "Task1", "{5CD1BE9E-F196-4CBD-BF88-440F482ADA43}"
EndProject
Project("{FAE04EC0-301F-11D3-BF4B-00C04F79EFBC}") = "Tyuiu.VengoVE.Sprint3.Task1.V24", "Tyuiu.VengoVE.Sprint3.Task1.V24\Tyuiu.VengoVE.Sprint3.Task1.V24.csproj", "{AD23102C-6323-4CD6-A92F-257C69EFE6BC}"
EndProject
Project("{FAE04EC0-301F-11D3-BF4B-00C04F79EFBC}") = "Tyuiu.VengoVE.Sprint3.Task1.V24.Lib", "Tyuiu.VengoVE.Sprint3.Task1.V24.Lib\Tyuiu.VengoVE.Sprint3.Task1.V24.Lib.csproj", "{F38F8B74-F3DB-474C-A534-4674139D7056}"
EndProject
Project("{FAE04EC0-301F-11D3-BF4B-00C04F79EFBC}") = "Tyuiu.VengoVE.Sprint3.Task1.V24.Test", "Tyuiu.VengoVE.Sprint3.Task1.V24.Test\Tyuiu.VengoVE.Sprint3.Task1.V24.Test.csproj", "{E21986E2-0920-4D7A-9204-04EA68E472DC}"
EndProject
Project("{2150E333-8FDC-42A3-9474-1A3956D46DE8}") = "Task2", "Task2", "{CFCD0B30-EB91-4567-BF82-E83AEB7FFBB6}"
EndProject
Project("{FAE04EC0-301F-11D3-BF4B-00C04F79EFBC}") = "Tyuiu.VengoVE.Sprint3.Task2.V5", "Tyuiu.VengoVE.Sprint3.Task2.V5\Tyuiu.VengoVE.Sprint3.Task2.V5.csproj", "{F31C1BA7-4900-4BBB-AF92-C7780FC2240A}"
EndProject
Project("{FAE04EC0-301F-11D3-BF4B-00C04F79EFBC}") = "Tyuiu.VengoVE.Sprint3.Task2.V5.Lib", "Tyuiu.VengoVE.Sprint3.Task2.V5.Lib\Tyuiu.VengoVE.Sprint3.Task2.V5.Lib.csproj", "{C7C951F4-B5B2-4FBF-8761-0E8A5666698E}"
EndProject
Project("{FAE04EC0-301F-11D3-BF4B-00C04F79EFBC}") = "Tyuiu.VengoVE.Sprint3.Task2.V5.Test", "Tyuiu.VengoVE.Sprint3.Task2.V5.Test\Tyuiu.VengoVE.Sprint3.Task2.V5.Test.csproj", "{7A0D5C83-9C92-4CA3-B413-A032722605A5}"
EndProject
Project("{2150E333-8FDC-42A3-9474-1A3956D46DE8}") = "Task3", "Task3", "{1998A4E3-B1A9-45C6-9A35-E6F69064CB2D}"
EndProject
Project("{FAE04EC0-301F-11D3-BF4B-00C04F79EFBC}") = "Tyuiu.VengoVE.Sprint3.Task3.V29", "Tyuiu.VengoVE.Sprint3.Task3.V29\Tyuiu.VengoVE.Sprint3.Task3.V29.csproj", "{7C4A8151-9759-4E7B-BFD6-AAC2B0B309FB}"
EndProject
Project("{FAE04EC0-301F-11D3-BF4B-00C04F79EFBC}") = "Tyuiu.VengoVE.Sprint3.Task3.V29.Lib", "Tyuiu.VengoVE.Sprint3.Task3.V29.Lib\Tyuiu.VengoVE.Sprint3.Task3.V29.Lib.csproj", "{069BEAB0-39D2-4FAB-9155-A673AA40E7CE}"
EndProject
Project("{FAE04EC0-301F-11D3-BF4B-00C04F79EFBC}") = "Tyuiu.VengoVE.Sprint3.Task3.V29.Test", "Tyuiu.VengoVE.Sprint3.Task3.V29.Test\Tyuiu.VengoVE.Sprint3.Task3.V29.Test.csproj", "{F49FB8EF-D218-4E2F-9DC6-1AA23F0E1FF8}"
EndProject
Project("{2150E333-8FDC-42A3-9474-1A3956D46DE8}") = "Task4", "Task4", "{1351E85B-37AF-483E-BDDE-DF43A4B3D538}"
EndProject
Project("{FAE04EC0-301F-11D3-BF4B-00C04F79EFBC}") = "Tyuiu.VengoVE.Sprint3.Task4.V29", "Tyuiu.VengoVE.Sprint3.Task4.V9\Tyuiu.VengoVE.Sprint3.Task4.V29.csproj", "{43870F06-8EB3-47C7-B9C3-7906DD27D045}"
EndProject
Project("{FAE04EC0-301F-11D3-BF4B-00C04F79EFBC}") = "Tyuiu.VengoVE.Sprint3.Task4.V29.Lib", "Tyuiu.VengoVE.Sprint3.Task4.V9.Lib\Tyuiu.VengoVE.Sprint3.Task4.V29.Lib.csproj", "{C1016B9E-41A8-487E-ACC2-11C31C9FF61B}"
EndProject
Project("{FAE04EC0-301F-11D3-BF4B-00C04F79EFBC}") = "Tyuiu.VengoVE.Sprint3.Task4.V29.Test", "Tyuiu.VengoVE.Sprint3.Task4.V9.Test\Tyuiu.VengoVE.Sprint3.Task4.V29.Test.csproj", "{8E3475E3-5939-49A9-BA86-7E7214754A08}"
EndProject
Project("{2150E333-8FDC-42A3-9474-1A3956D46DE8}") = "Task5", "Task5", "{63EBA4B3-861C-49E9-B6C2-A85CDFD00BD5}"
EndProject
Project("{FAE04EC0-301F-11D3-BF4B-00C04F79EFBC}") = "Tyuiu.VengoVE.Sprint3.Task5.V9", "Tyuiu.VengoVE.Sprint3.Task5.V9\Tyuiu.VengoVE.Sprint3.Task5.V9.csproj", "{5CB10366-3CF9-4212-9997-9D314E1B2426}"
EndProject
Project("{FAE04EC0-301F-11D3-BF4B-00C04F79EFBC}") = "Tyuiu.VengoVE.Sprint3.Task5.V9.Lib", "Tyuiu.VengoVE.Sprint3.Task5.V9.Lib\Tyuiu.VengoVE.Sprint3.Task5.V9.Lib.csproj", "{F7F31DDC-7343-4008-A7D5-530385F25553}"
EndProject
Project("{FAE04EC0-301F-11D3-BF4B-00C04F79EFBC}") = "Tyuiu.VengoVE.Sprint3.Task5.V9.Test", "Tyuiu.VengoVE.Sprint3.Task5.V9.Test\Tyuiu.VengoVE.Sprint3.Task5.V9.Test.csproj", "{A7DC0749-0F72-436A-AA86-B158797FC538}"
EndProject
Project("{2150E333-8FDC-42A3-9474-1A3956D46DE8}") = "Task6", "Task6", "{7E5044C1-5134-4782-9835-A8EAD756A564}"
EndProject
Project("{FAE04EC0-301F-11D3-BF4B-00C04F79EFBC}") = "Tyuiu.VengoVE.Sprint3.Task6.V12", "Tyuiu.VengoVE.Sprint3.Task6.V12\Tyuiu.VengoVE.Sprint3.Task6.V12.csproj", "{C51A6C1B-6349-4546-8E2A-2673D8B85A9C}"
EndProject
Project("{FAE04EC0-301F-11D3-BF4B-00C04F79EFBC}") = "Tyuiu.VengoVE.Sprint3.Task6.V12.Test", "Tyuiu.VengoVE.Sprint3.Task6.V12.Test\Tyuiu.VengoVE.Sprint3.Task6.V12.Test.csproj", "{87A1BA11-8FE6-4F7F-BB41-A546219AF107}"
EndProject
Project("{FAE04EC0-301F-11D3-BF4B-00C04F79EFBC}") = "Tyuiu.VengoVE.Sprint3.Task6.V12.Lib", "Tyuiu.VengoVE.Sprint3.Task6.V12.Lib\Tyuiu.VengoVE.Sprint3.Task6.V12.Lib.csproj", "{65CF6CDC-9CFA-4160-A07F-CD26B3310787}"
EndProject
Global
	GlobalSection(SolutionConfigurationPlatforms) = preSolution
		Debug|Any CPU = Debug|Any CPU
		Release|Any CPU = Release|Any CPU
	EndGlobalSection
	GlobalSection(ProjectConfigurationPlatforms) = postSolution
		{C5472C95-543C-4BC4-83F7-F329F5D2200D}.Debug|Any CPU.ActiveCfg = Debug|Any CPU
		{C5472C95-543C-4BC4-83F7-F329F5D2200D}.Debug|Any CPU.Build.0 = Debug|Any CPU
		{C5472C95-543C-4BC4-83F7-F329F5D2200D}.Release|Any CPU.ActiveCfg = Release|Any CPU
		{C5472C95-543C-4BC4-83F7-F329F5D2200D}.Release|Any CPU.Build.0 = Release|Any CPU
		{EB76B60C-501E-46A6-BE4F-831556F1B4AE}.Debug|Any CPU.ActiveCfg = Debug|Any CPU
		{EB76B60C-501E-46A6-BE4F-831556F1B4AE}.Debug|Any CPU.Build.0 = Debug|Any CPU
		{EB76B60C-501E-46A6-BE4F-831556F1B4AE}.Release|Any CPU.ActiveCfg = Release|Any CPU
		{EB76B60C-501E-46A6-BE4F-831556F1B4AE}.Release|Any CPU.Build.0 = Release|Any CPU
		{294F2E98-1978-402B-94E6-B5D9CA464176}.Debug|Any CPU.ActiveCfg = Debug|Any CPU
		{294F2E98-1978-402B-94E6-B5D9CA464176}.Debug|Any CPU.Build.0 = Debug|Any CPU
		{294F2E98-1978-402B-94E6-B5D9CA464176}.Release|Any CPU.ActiveCfg = Release|Any CPU
		{294F2E98-1978-402B-94E6-B5D9CA464176}.Release|Any CPU.Build.0 = Release|Any CPU
		{AD23102C-6323-4CD6-A92F-257C69EFE6BC}.Debug|Any CPU.ActiveCfg = Debug|Any CPU
		{AD23102C-6323-4CD6-A92F-257C69EFE6BC}.Debug|Any CPU.Build.0 = Debug|Any CPU
		{AD23102C-6323-4CD6-A92F-257C69EFE6BC}.Release|Any CPU.ActiveCfg = Release|Any CPU
		{AD23102C-6323-4CD6-A92F-257C69EFE6BC}.Release|Any CPU.Build.0 = Release|Any CPU
		{F38F8B74-F3DB-474C-A534-4674139D7056}.Debug|Any CPU.ActiveCfg = Debug|Any CPU
		{F38F8B74-F3DB-474C-A534-4674139D7056}.Debug|Any CPU.Build.0 = Debug|Any CPU
		{F38F8B74-F3DB-474C-A534-4674139D7056}.Release|Any CPU.ActiveCfg = Release|Any CPU
		{F38F8B74-F3DB-474C-A534-4674139D7056}.Release|Any CPU.Build.0 = Release|Any CPU
		{E21986E2-0920-4D7A-9204-04EA68E472DC}.Debug|Any CPU.ActiveCfg = Debug|Any CPU
		{E21986E2-0920-4D7A-9204-04EA68E472DC}.Debug|Any CPU.Build.0 = Debug|Any CPU
		{E21986E2-0920-4D7A-9204-04EA68E472DC}.Release|Any CPU.ActiveCfg = Release|Any CPU
		{E21986E2-0920-4D7A-9204-04EA68E472DC}.Release|Any CPU.Build.0 = Release|Any CPU
		{F31C1BA7-4900-4BBB-AF92-C7780FC2240A}.Debug|Any CPU.ActiveCfg = Debug|Any CPU
		{F31C1BA7-4900-4BBB-AF92-C7780FC2240A}.Debug|Any CPU.Build.0 = Debug|Any CPU
		{F31C1BA7-4900-4BBB-AF92-C7780FC2240A}.Release|Any CPU.ActiveCfg = Release|Any CPU
		{F31C1BA7-4900-4BBB-AF92-C7780FC2240A}.Release|Any CPU.Build.0 = Release|Any CPU
		{C7C951F4-B5B2-4FBF-8761-0E8A5666698E}.Debug|Any CPU.ActiveCfg = Debug|Any CPU
		{C7C951F4-B5B2-4FBF-8761-0E8A5666698E}.Debug|Any CPU.Build.0 = Debug|Any CPU
		{C7C951F4-B5B2-4FBF-8761-0E8A5666698E}.Release|Any CPU.ActiveCfg = Release|Any CPU
		{C7C951F4-B5B2-4FBF-8761-0E8A5666698E}.Release|Any CPU.Build.0 = Release|Any CPU
		{7A0D5C83-9C92-4CA3-B413-A032722605A5}.Debug|Any CPU.ActiveCfg = Debug|Any CPU
		{7A0D5C83-9C92-4CA3-B413-A032722605A5}.Debug|Any CPU.Build.0 = Debug|Any CPU
		{7A0D5C83-9C92-4CA3-B413-A032722605A5}.Release|Any CPU.ActiveCfg = Release|Any CPU
		{7A0D5C83-9C92-4CA3-B413-A032722605A5}.Release|Any CPU.Build.0 = Release|Any CPU
		{7C4A8151-9759-4E7B-BFD6-AAC2B0B309FB}.Debug|Any CPU.ActiveCfg = Debug|Any CPU
		{7C4A8151-9759-4E7B-BFD6-AAC2B0B309FB}.Debug|Any CPU.Build.0 = Debug|Any CPU
		{7C4A8151-9759-4E7B-BFD6-AAC2B0B309FB}.Release|Any CPU.ActiveCfg = Release|Any CPU
		{7C4A8151-9759-4E7B-BFD6-AAC2B0B309FB}.Release|Any CPU.Build.0 = Release|Any CPU
		{069BEAB0-39D2-4FAB-9155-A673AA40E7CE}.Debug|Any CPU.ActiveCfg = Debug|Any CPU
		{069BEAB0-39D2-4FAB-9155-A673AA40E7CE}.Debug|Any CPU.Build.0 = Debug|Any CPU
		{069BEAB0-39D2-4FAB-9155-A673AA40E7CE}.Release|Any CPU.ActiveCfg = Release|Any CPU
		{069BEAB0-39D2-4FAB-9155-A673AA40E7CE}.Release|Any CPU.Build.0 = Release|Any CPU
		{F49FB8EF-D218-4E2F-9DC6-1AA23F0E1FF8}.Debug|Any CPU.ActiveCfg = Debug|Any CPU
		{F49FB8EF-D218-4E2F-9DC6-1AA23F0E1FF8}.Debug|Any CPU.Build.0 = Debug|Any CPU
		{F49FB8EF-D218-4E2F-9DC6-1AA23F0E1FF8}.Release|Any CPU.ActiveCfg = Release|Any CPU
		{F49FB8EF-D218-4E2F-9DC6-1AA23F0E1FF8}.Release|Any CPU.Build.0 = Release|Any CPU
		{43870F06-8EB3-47C7-B9C3-7906DD27D045}.Debug|Any CPU.ActiveCfg = Debug|Any CPU
		{43870F06-8EB3-47C7-B9C3-7906DD27D045}.Debug|Any CPU.Build.0 = Debug|Any CPU
		{43870F06-8EB3-47C7-B9C3-7906DD27D045}.Release|Any CPU.ActiveCfg = Release|Any CPU
		{43870F06-8EB3-47C7-B9C3-7906DD27D045}.Release|Any CPU.Build.0 = Release|Any CPU
		{C1016B9E-41A8-487E-ACC2-11C31C9FF61B}.Debug|Any CPU.ActiveCfg = Debug|Any CPU
		{C1016B9E-41A8-487E-ACC2-11C31C9FF61B}.Debug|Any CPU.Build.0 = Debug|Any CPU
		{C1016B9E-41A8-487E-ACC2-11C31C9FF61B}.Release|Any CPU.ActiveCfg = Release|Any CPU
		{C1016B9E-41A8-487E-ACC2-11C31C9FF61B}.Release|Any CPU.Build.0 = Release|Any CPU
		{8E3475E3-5939-49A9-BA86-7E7214754A08}.Debug|Any CPU.ActiveCfg = Debug|Any CPU
		{8E3475E3-5939-49A9-BA86-7E7214754A08}.Debug|Any CPU.Build.0 = Debug|Any CPU
		{8E3475E3-5939-49A9-BA86-7E7214754A08}.Release|Any CPU.ActiveCfg = Release|Any CPU
		{8E3475E3-5939-49A9-BA86-7E7214754A08}.Release|Any CPU.Build.0 = Release|Any CPU
		{5CB10366-3CF9-4212-9997-9D314E1B2426}.Debug|Any CPU.ActiveCfg = Debug|Any CPU
		{5CB10366-3CF9-4212-9997-9D314E1B2426}.Debug|Any CPU.Build.0 = Debug|Any CPU
		{5CB10366-3CF9-4212-9997-9D314E1B2426}.Release|Any CPU.ActiveCfg = Release|Any CPU
		{5CB10366-3CF9-4212-9997-9D314E1B2426}.Release|Any CPU.Build.0 = Release|Any CPU
		{F7F31DDC-7343-4008-A7D5-530385F25553}.Debug|Any CPU.ActiveCfg = Debug|Any CPU
		{F7F31DDC-7343-4008-A7D5-530385F25553}.Debug|Any CPU.Build.0 = Debug|Any CPU
		{F7F31DDC-7343-4008-A7D5-530385F25553}.Release|Any CPU.ActiveCfg = Release|Any CPU
		{F7F31DDC-7343-4008-A7D5-530385F25553}.Release|Any CPU.Build.0 = Release|Any CPU
		{A7DC0749-0F72-436A-AA86-B158797FC538}.Debug|Any CPU.ActiveCfg = Debug|Any CPU
		{A7DC0749-0F72-436A-AA86-B158797FC538}.Debug|Any CPU.Build.0 = Debug|Any CPU
		{A7DC0749-0F72-436A-AA86-B158797FC538}.Release|Any CPU.ActiveCfg = Release|Any CPU
		{A7DC0749-0F72-436A-AA86-B158797FC538}.Release|Any CPU.Build.0 = Release|Any CPU
		{C51A6C1B-6349-4546-8E2A-2673D8B85A9C}.Debug|Any CPU.ActiveCfg = Debug|Any CPU
		{C51A6C1B-6349-4546-8E2A-2673D8B85A9C}.Debug|Any CPU.Build.0 = Debug|Any CPU
		{C51A6C1B-6349-4546-8E2A-2673D8B85A9C}.Release|Any CPU.ActiveCfg = Release|Any CPU
		{C51A6C1B-6349-4546-8E2A-2673D8B85A9C}.Release|Any CPU.Build.0 = Release|Any CPU
		{87A1BA11-8FE6-4F7F-BB41-A546219AF107}.Debug|Any CPU.ActiveCfg = Debug|Any CPU
		{87A1BA11-8FE6-4F7F-BB41-A546219AF107}.Debug|Any CPU.Build.0 = Debug|Any CPU
		{87A1BA11-8FE6-4F7F-BB41-A546219AF107}.Release|Any CPU.ActiveCfg = Release|Any CPU
		{87A1BA11-8FE6-4F7F-BB41-A546219AF107}.Release|Any CPU.Build.0 = Release|Any CPU
		{65CF6CDC-9CFA-4160-A07F-CD26B3310787}.Debug|Any CPU.ActiveCfg = Debug|Any CPU
		{65CF6CDC-9CFA-4160-A07F-CD26B3310787}.Debug|Any CPU.Build.0 = Debug|Any CPU
		{65CF6CDC-9CFA-4160-A07F-CD26B3310787}.Release|Any CPU.ActiveCfg = Release|Any CPU
		{65CF6CDC-9CFA-4160-A07F-CD26B3310787}.Release|Any CPU.Build.0 = Release|Any CPU
	EndGlobalSection
	GlobalSection(SolutionProperties) = preSolution
		HideSolutionNode = FALSE
	EndGlobalSection
	GlobalSection(NestedProjects) = preSolution
		{C5472C95-543C-4BC4-83F7-F329F5D2200D} = {FE08CD72-4E83-477D-B164-1DD559D6F9B7}
		{EB76B60C-501E-46A6-BE4F-831556F1B4AE} = {FE08CD72-4E83-477D-B164-1DD559D6F9B7}
		{294F2E98-1978-402B-94E6-B5D9CA464176} = {FE08CD72-4E83-477D-B164-1DD559D6F9B7}
		{AD23102C-6323-4CD6-A92F-257C69EFE6BC} = {5CD1BE9E-F196-4CBD-BF88-440F482ADA43}
		{F38F8B74-F3DB-474C-A534-4674139D7056} = {5CD1BE9E-F196-4CBD-BF88-440F482ADA43}
		{E21986E2-0920-4D7A-9204-04EA68E472DC} = {5CD1BE9E-F196-4CBD-BF88-440F482ADA43}
		{F31C1BA7-4900-4BBB-AF92-C7780FC2240A} = {CFCD0B30-EB91-4567-BF82-E83AEB7FFBB6}
		{C7C951F4-B5B2-4FBF-8761-0E8A5666698E} = {CFCD0B30-EB91-4567-BF82-E83AEB7FFBB6}
		{7A0D5C83-9C92-4CA3-B413-A032722605A5} = {CFCD0B30-EB91-4567-BF82-E83AEB7FFBB6}
		{7C4A8151-9759-4E7B-BFD6-AAC2B0B309FB} = {1998A4E3-B1A9-45C6-9A35-E6F69064CB2D}
		{069BEAB0-39D2-4FAB-9155-A673AA40E7CE} = {1998A4E3-B1A9-45C6-9A35-E6F69064CB2D}
		{F49FB8EF-D218-4E2F-9DC6-1AA23F0E1FF8} = {1998A4E3-B1A9-45C6-9A35-E6F69064CB2D}
		{43870F06-8EB3-47C7-B9C3-7906DD27D045} = {1351E85B-37AF-483E-BDDE-DF43A4B3D538}
		{C1016B9E-41A8-487E-ACC2-11C31C9FF61B} = {1351E85B-37AF-483E-BDDE-DF43A4B3D538}
		{8E3475E3-5939-49A9-BA86-7E7214754A08} = {1351E85B-37AF-483E-BDDE-DF43A4B3D538}
		{5CB10366-3CF9-4212-9997-9D314E1B2426} = {63EBA4B3-861C-49E9-B6C2-A85CDFD00BD5}
		{F7F31DDC-7343-4008-A7D5-530385F25553} = {63EBA4B3-861C-49E9-B6C2-A85CDFD00BD5}
		{A7DC0749-0F72-436A-AA86-B158797FC538} = {63EBA4B3-861C-49E9-B6C2-A85CDFD00BD5}
		{C51A6C1B-6349-4546-8E2A-2673D8B85A9C} = {7E5044C1-5134-4782-9835-A8EAD756A564}
		{87A1BA11-8FE6-4F7F-BB41-A546219AF107} = {7E5044C1-5134-4782-9835-A8EAD756A564}
		{65CF6CDC-9CFA-4160-A07F-CD26B3310787} = {7E5044C1-5134-4782-9835-A8EAD756A564}
	EndGlobalSection
	GlobalSection(ExtensibilityGlobals) = postSolution
		SolutionGuid = {C0EE67A1-29CD-4062-BB9D-84BD774CD810}
	EndGlobalSection
EndGlobal
